// !$*UTF8*$!
{
	archiveVersion = 1;
	classes = {
	};
	objectVersion = 50;
	objects = {

/* Begin PBXBuildFile section */
		1890F9742B0B80D800BF17F2 /* TableViewController.swift in Sources */ = {isa = PBXBuildFile; fileRef = 1890F9732B0B80D800BF17F2 /* TableViewController.swift */; };
		189DD3FE2B0B540100814E24 /* AppDelegate.swift in Sources */ = {isa = PBXBuildFile; fileRef = 189DD3FD2B0B540100814E24 /* AppDelegate.swift */; };
		189DD4002B0B540100814E24 /* SceneDelegate.swift in Sources */ = {isa = PBXBuildFile; fileRef = 189DD3FF2B0B540100814E24 /* SceneDelegate.swift */; };
		189DD4052B0B540100814E24 /* Main.storyboard in Resources */ = {isa = PBXBuildFile; fileRef = 189DD4032B0B540100814E24 /* Main.storyboard */; };
		189DD4082B0B540100814E24 /* CoreDataGeo.xcdatamodeld in Sources */ = {isa = PBXBuildFile; fileRef = 189DD4062B0B540100814E24 /* CoreDataGeo.xcdatamodeld */; };
		189DD40A2B0B540400814E24 /* Assets.xcassets in Resources */ = {isa = PBXBuildFile; fileRef = 189DD4092B0B540400814E24 /* Assets.xcassets */; };
		189DD40D2B0B540400814E24 /* LaunchScreen.storyboard in Resources */ = {isa = PBXBuildFile; fileRef = 189DD40B2B0B540400814E24 /* LaunchScreen.storyboard */; };
/* End PBXBuildFile section */

/* Begin PBXFileReference section */
		1890F9732B0B80D800BF17F2 /* TableViewController.swift */ = {isa = PBXFileReference; lastKnownFileType = sourcecode.swift; path = TableViewController.swift; sourceTree = "<group>"; };
		189DD3FA2B0B540100814E24 /* CoreDataGeo.app */ = {isa = PBXFileReference; explicitFileType = wrapper.application; includeInIndex = 0; path = CoreDataGeo.app; sourceTree = BUILT_PRODUCTS_DIR; };
		189DD3FD2B0B540100814E24 /* AppDelegate.swift */ = {isa = PBXFileReference; lastKnownFileType = sourcecode.swift; path = AppDelegate.swift; sourceTree = "<group>"; };
		189DD3FF2B0B540100814E24 /* SceneDelegate.swift */ = {isa = PBXFileReference; lastKnownFileType = sourcecode.swift; path = SceneDelegate.swift; sourceTree = "<group>"; };
		189DD4042B0B540100814E24 /* Base */ = {isa = PBXFileReference; lastKnownFileType = file.storyboard; name = Base; path = Base.lproj/Main.storyboard; sourceTree = "<group>"; };
		189DD4072B0B540100814E24 /* CoreDataGeo.xcdatamodel */ = {isa = PBXFileReference; lastKnownFileType = wrapper.xcdatamodel; path = CoreDataGeo.xcdatamodel; sourceTree = "<group>"; };
		189DD4092B0B540400814E24 /* Assets.xcassets */ = {isa = PBXFileReference; lastKnownFileType = folder.assetcatalog; path = Assets.xcassets; sourceTree = "<group>"; };
		189DD40C2B0B540400814E24 /* Base */ = {isa = PBXFileReference; lastKnownFileType = file.storyboard; name = Base; path = Base.lproj/LaunchScreen.storyboard; sourceTree = "<group>"; };
		189DD40E2B0B540400814E24 /* Info.plist */ = {isa = PBXFileReference; lastKnownFileType = text.plist.xml; path = Info.plist; sourceTree = "<group>"; };
/* End PBXFileReference section */

/* Begin PBXFrameworksBuildPhase section */
		189DD3F72B0B540100814E24 /* Frameworks */ = {
			isa = PBXFrameworksBuildPhase;
			buildActionMask = 2147483647;
			files = (
			);
			runOnlyForDeploymentPostprocessing = 0;
		};
/* End PBXFrameworksBuildPhase section */

/* Begin PBXGroup section */
		189DD3F12B0B540100814E24 = {
			isa = PBXGroup;
			children = (
				189DD3FC2B0B540100814E24 /* CoreDataGeo */,
				189DD3FB2B0B540100814E24 /* Products */,
			);
			sourceTree = "<group>";
		};
		189DD3FB2B0B540100814E24 /* Products */ = {
			isa = PBXGroup;
			children = (
				189DD3FA2B0B540100814E24 /* CoreDataGeo.app */,
			);
			name = Products;
			sourceTree = "<group>";
		};
		189DD3FC2B0B540100814E24 /* CoreDataGeo */ = {
			isa = PBXGroup;
			children = (
				189DD3FD2B0B540100814E24 /* AppDelegate.swift */,
				1890F9732B0B80D800BF17F2 /* TableViewController.swift */,
				189DD3FF2B0B540100814E24 /* SceneDelegate.swift */,
				189DD4032B0B540100814E24 /* Main.storyboard */,
				189DD4092B0B540400814E24 /* Assets.xcassets */,
				189DD40B2B0B540400814E24 /* LaunchScreen.storyboard */,
				189DD40E2B0B540400814E24 /* Info.plist */,
				189DD4062B0B540100814E24 /* CoreDataGeo.xcdatamodeld */,
			);
			path = CoreDataGeo;
			sourceTree = "<group>";
		};
/* End PBXGroup section */

/* Begin PBXNativeTarget section */
		189DD3F92B0B540100814E24 /* CoreDataGeo */ = {
			isa = PBXNativeTarget;
			buildConfigurationList = 189DD4112B0B540400814E24 /* Build configuration list for PBXNativeTarget "CoreDataGeo" */;
			buildPhases = (
				189DD3F62B0B540100814E24 /* Sources */,
				189DD3F72B0B540100814E24 /* Frameworks */,
				189DD3F82B0B540100814E24 /* Resources */,
			);
			buildRules = (
			);
			dependencies = (
			);
			name = CoreDataGeo;
			productName = CoreDataGeo;
			productReference = 189DD3FA2B0B540100814E24 /* CoreDataGeo.app */;
			productType = "com.apple.product-type.application";
		};
/* End PBXNativeTarget section */

/* Begin PBXProject section */
		189DD3F22B0B540100814E24 /* Project object */ = {
			isa = PBXProject;
			attributes = {
				LastSwiftUpdateCheck = 1250;
				LastUpgradeCheck = 1250;
				TargetAttributes = {
					189DD3F92B0B540100814E24 = {
						CreatedOnToolsVersion = 12.5.1;
					};
				};
			};
			buildConfigurationList = 189DD3F52B0B540100814E24 /* Build configuration list for PBXProject "CoreDataGeo" */;
			compatibilityVersion = "Xcode 9.3";
			developmentRegion = en;
			hasScannedForEncodings = 0;
			knownRegions = (
				en,
				Base,
			);
			mainGroup = 189DD3F12B0B540100814E24;
			productRefGroup = 189DD3FB2B0B540100814E24 /* Products */;
			projectDirPath = "";
			projectRoot = "";
			targets = (
				189DD3F92B0B540100814E24 /* CoreDataGeo */,
			);
		};
/* End PBXProject section */

/* Begin PBXResourcesBuildPhase section */
		189DD3F82B0B540100814E24 /* Resources */ = {
			isa = PBXResourcesBuildPhase;
			buildActionMask = 2147483647;
			files = (
				189DD40D2B0B540400814E24 /* LaunchScreen.storyboard in Resources */,
				189DD40A2B0B540400814E24 /* Assets.xcassets in Resources */,
				189DD4052B0B540100814E24 /* Main.storyboard in Resources */,
			);
			runOnlyForDeploymentPostprocessing = 0;
		};
/* End PBXResourcesBuildPhase section */

/* Begin PBXSourcesBuildPhase section */
		189DD3F62B0B540100814E24 /* Sources */ = {
			isa = PBXSourcesBuildPhase;
			buildActionMask = 2147483647;
			files = (
				189DD3FE2B0B540100814E24 /* AppDelegate.swift in Sources */,
				189DD4082B0B540100814E24 /* CoreDataGeo.xcdatamodeld in Sources */,
				189DD4002B0B540100814E24 /* SceneDelegate.swift in Sources */,
				1890F9742B0B80D800BF17F2 /* TableViewController.swift in Sources */,
			);
			runOnlyForDeploymentPostprocessing = 0;
		};
/* End PBXSourcesBuildPhase section */

/* Begin PBXVariantGroup section */
		189DD4032B0B540100814E24 /* Main.storyboard */ = {
			isa = PBXVariantGroup;
			children = (
				189DD4042B0B540100814E24 /* Base */,
			);
			name = Main.storyboard;
			sourceTree = "<group>";
		};
		189DD40B2B0B540400814E24 /* LaunchScreen.storyboard */ = {
			isa = PBXVariantGroup;
			children = (
				189DD40C2B0B540400814E24 /* Base */,
			);
			name = LaunchScreen.storyboard;
			sourceTree = "<group>";
		};
/* End PBXVariantGroup section */

/* Begin XCBuildConfiguration section */
		189DD40F2B0B540400814E24 /* Debug */ = {
			isa = XCBuildConfiguration;
			buildSettings = {
				ALWAYS_SEARCH_USER_PATHS = NO;
				CLANG_ANALYZER_NONNULL = YES;
				CLANG_ANALYZER_NUMBER_OBJECT_CONVERSION = YES_AGGRESSIVE;
				CLANG_CXX_LANGUAGE_STANDARD = "gnu++14";
				CLANG_CXX_LIBRARY = "libc++";
				CLANG_ENABLE_MODULES = YES;
				CLANG_ENABLE_OBJC_ARC = YES;
				CLANG_ENABLE_OBJC_WEAK = YES;
				CLANG_WARN_BLOCK_CAPTURE_AUTORELEASING = YES;
				CLANG_WARN_BOOL_CONVERSION = YES;
				CLANG_WARN_COMMA = YES;
				CLANG_WARN_CONSTANT_CONVERSION = YES;
				CLANG_WARN_DEPRECATED_OBJC_IMPLEMENTATIONS = YES;
				CLANG_WARN_DIRECT_OBJC_ISA_USAGE = YES_ERROR;
				CLANG_WARN_DOCUMENTATION_COMMENTS = YES;
				CLANG_WARN_EMPTY_BODY = YES;
				CLANG_WARN_ENUM_CONVERSION = YES;
				CLANG_WARN_INFINITE_RECURSION = YES;
				CLANG_WARN_INT_CONVERSION = YES;
				CLANG_WARN_NON_LITERAL_NULL_CONVERSION = YES;
				CLANG_WARN_OBJC_IMPLICIT_RETAIN_SELF = YES;
				CLANG_WARN_OBJC_LITERAL_CONVERSION = YES;
				CLANG_WARN_OBJC_ROOT_CLASS = YES_ERROR;
				CLANG_WARN_QUOTED_INCLUDE_IN_FRAMEWORK_HEADER = YES;
				CLANG_WARN_RANGE_LOOP_ANALYSIS = YES;
				CLANG_WARN_STRICT_PROTOTYPES = YES;
				CLANG_WARN_SUSPICIOUS_MOVE = YES;
				CLANG_WARN_UNGUARDED_AVAILABILITY = YES_AGGRESSIVE;
				CLANG_WARN_UNREACHABLE_CODE = YES;
				CLANG_WARN__DUPLICATE_METHOD_MATCH = YES;
				COPY_PHASE_STRIP = NO;
				DEBUG_INFORMATION_FORMAT = dwarf;
				ENABLE_STRICT_OBJC_MSGSEND = YES;
				ENABLE_TESTABILITY = YES;
				GCC_C_LANGUAGE_STANDARD = gnu11;
				GCC_DYNAMIC_NO_PIC = NO;
				GCC_NO_COMMON_BLOCKS = YES;
				GCC_OPTIMIZATION_LEVEL = 0;
				GCC_PREPROCESSOR_DEFINITIONS = (
					"DEBUG=1",
					"$(inherited)",
				);
				GCC_WARN_64_TO_32_BIT_CONVERSION = YES;
				GCC_WARN_ABOUT_RETURN_TYPE = YES_ERROR;
				GCC_WARN_UNDECLARED_SELECTOR = YES;
				GCC_WARN_UNINITIALIZED_AUTOS = YES_AGGRESSIVE;
				GCC_WARN_UNUSED_FUNCTION = YES;
				GCC_WARN_UNUSED_VARIABLE = YES;
				IPHONEOS_DEPLOYMENT_TARGET = 14.5;
				MTL_ENABLE_DEBUG_INFO = INCLUDE_SOURCE;
				MTL_FAST_MATH = YES;
				ONLY_ACTIVE_ARCH = YES;
				SDKROOT = iphoneos;
				SWIFT_ACTIVE_COMPILATION_CONDITIONS = DEBUG;
				SWIFT_OPTIMIZATION_LEVEL = "-Onone";
			};
			name = Debug;
		};
		189DD4102B0B540400814E24 /* Release */ = {
			isa = XCBuildConfiguration;
			buildSettings = {
				ALWAYS_SEARCH_USER_PATHS = NO;
				CLANG_ANALYZER_NONNULL = YES;
				CLANG_ANALYZER_NUMBER_OBJECT_CONVERSION = YES_AGGRESSIVE;
				CLANG_CXX_LANGUAGE_STANDARD = "gnu++14";
				CLANG_CXX_LIBRARY = "libc++";
				CLANG_ENABLE_MODULES = YES;
				CLANG_ENABLE_OBJC_ARC = YES;
				CLANG_ENABLE_OBJC_WEAK = YES;
				CLANG_WARN_BLOCK_CAPTURE_AUTORELEASING = YES;
				CLANG_WARN_BOOL_CONVERSION = YES;
				CLANG_WARN_COMMA = YES;
				CLANG_WARN_CONSTANT_CONVERSION = YES;
				CLANG_WARN_DEPRECATED_OBJC_IMPLEMENTATIONS = YES;
				CLANG_WARN_DIRECT_OBJC_ISA_USAGE = YES_ERROR;
				CLANG_WARN_DOCUMENTATION_COMMENTS = YES;
				CLANG_WARN_EMPTY_BODY = YES;
				CLANG_WARN_ENUM_CONVERSION = YES;
				CLANG_WARN_INFINITE_RECURSION = YES;
				CLANG_WARN_INT_CONVERSION = YES;
				CLANG_WARN_NON_LITERAL_NULL_CONVERSION = YES;
				CLANG_WARN_OBJC_IMPLICIT_RETAIN_SELF = YES;
				CLANG_WARN_OBJC_LITERAL_CONVERSION = YES;
				CLANG_WARN_OBJC_ROOT_CLASS = YES_ERROR;
				CLANG_WARN_QUOTED_INCLUDE_IN_FRAMEWORK_HEADER = YES;
				CLANG_WARN_RANGE_LOOP_ANALYSIS = YES;
				CLANG_WARN_STRICT_PROTOTYPES = YES;
				CLANG_WARN_SUSPICIOUS_MOVE = YES;
				CLANG_WARN_UNGUARDED_AVAILABILITY = YES_AGGRESSIVE;
				CLANG_WARN_UNREACHABLE_CODE = YES;
				CLANG_WARN__DUPLICATE_METHOD_MATCH = YES;
				COPY_PHASE_STRIP = NO;
				DEBUG_INFORMATION_FORMAT = "dwarf-with-dsym";
				ENABLE_NS_ASSERTIONS = NO;
				ENABLE_STRICT_OBJC_MSGSEND = YES;
				GCC_C_LANGUAGE_STANDARD = gnu11;
				GCC_NO_COMMON_BLOCKS = YES;
				GCC_WARN_64_TO_32_BIT_CONVERSION = YES;
				GCC_WARN_ABOUT_RETURN_TYPE = YES_ERROR;
				GCC_WARN_UNDECLARED_SELECTOR = YES;
				GCC_WARN_UNINITIALIZED_AUTOS = YES_AGGRESSIVE;
				GCC_WARN_UNUSED_FUNCTION = YES;
				GCC_WARN_UNUSED_VARIABLE = YES;
				IPHONEOS_DEPLOYMENT_TARGET = 14.5;
				MTL_ENABLE_DEBUG_INFO = NO;
				MTL_FAST_MATH = YES;
				SDKROOT = iphoneos;
				SWIFT_COMPILATION_MODE = wholemodule;
				SWIFT_OPTIMIZATION_LEVEL = "-O";
				VALIDATE_PRODUCT = YES;
			};
			name = Release;
		};
		189DD4122B0B540400814E24 /* Debug */ = {
			isa = XCBuildConfiguration;
			buildSettings = {
				ASSETCATALOG_COMPILER_APPICON_NAME = AppIcon;
				ASSETCATALOG_COMPILER_GLOBAL_ACCENT_COLOR_NAME = AccentColor;
				CODE_SIGN_STYLE = Automatic;
				DEVELOPMENT_TEAM = 4XCYPCN432;
				INFOPLIST_FILE = CoreDataGeo/Info.plist;
				LD_RUNPATH_SEARCH_PATHS = (
					"$(inherited)",
					"@executable_path/Frameworks",
				);
				PRODUCT_BUNDLE_IDENTIFIER = GeoDzh.CoreDataGeo;
				PRODUCT_NAME = "$(TARGET_NAME)";
				SWIFT_VERSION = 5.0;
				TARGETED_DEVICE_FAMILY = 1;
			};
			name = Debug;
		};
		189DD4132B0B540400814E24 /* Release */ = {
			isa = XCBuildConfiguration;
			buildSettings = {
				ASSETCATALOG_COMPILER_APPICON_NAME = AppIcon;
				ASSETCATALOG_COMPILER_GLOBAL_ACCENT_COLOR_NAME = AccentColor;
				CODE_SIGN_STYLE = Automatic;
				DEVELOPMENT_TEAM = 4XCYPCN432;
				INFOPLIST_FILE = CoreDataGeo/Info.plist;
				LD_RUNPATH_SEARCH_PATHS = (
					"$(inherited)",
					"@executable_path/Frameworks",
				);
				PRODUCT_BUNDLE_IDENTIFIER = GeoDzh.CoreDataGeo;
				PRODUCT_NAME = "$(TARGET_NAME)";
				SWIFT_VERSION = 5.0;
				TARGETED_DEVICE_FAMILY = 1;
			};
			name = Release;
		};
/* End XCBuildConfiguration section */

/* Begin XCConfigurationList section */
		189DD3F52B0B540100814E24 /* Build configuration list for PBXProject "CoreDataGeo" */ = {
			isa = XCConfigurationList;
			buildConfigurations = (
				189DD40F2B0B540400814E24 /* Debug */,
				189DD4102B0B540400814E24 /* Release */,
			);
			defaultConfigurationIsVisible = 0;
			defaultConfigurationName = Release;
		};
		189DD4112B0B540400814E24 /* Build configuration list for PBXNativeTarget "CoreDataGeo" */ = {
			isa = XCConfigurationList;
			buildConfigurations = (
				189DD4122B0B540400814E24 /* Debug */,
				189DD4132B0B540400814E24 /* Release */,
			);
			defaultConfigurationIsVisible = 0;
			defaultConfigurationName = Release;
		};
/* End XCConfigurationList section */

/* Begin XCVersionGroup section */
		189DD4062B0B540100814E24 /* CoreDataGeo.xcdatamodeld */ = {
			isa = XCVersionGroup;
			children = (
				189DD4072B0B540100814E24 /* CoreDataGeo.xcdatamodel */,
			);
			currentVersion = 189DD4072B0B540100814E24 /* CoreDataGeo.xcdatamodel */;
			path = CoreDataGeo.xcdatamodeld;
			sourceTree = "<group>";
			versionGroupType = wrapper.xcdatamodel;
		};
/* End XCVersionGroup section */
	};
	rootObject = 189DD3F22B0B540100814E24 /* Project object */;
}
